<?xml version="1.0" encoding="utf-8"?>
<Project ToolsVersion="4.0" xmlns="http://schemas.microsoft.com/developer/msbuild/2003">
  <ItemGroup>
    <ClCompile Include="AmbientalLight.cpp" />
    <ClCompile Include="android_native_app_glue.c" />
    <ClCompile Include="Camera.cpp" />
    <ClCompile Include="Fog.cpp" />
    <ClCompile Include="GameManager.cpp" />
    <ClCompile Include="LightSource.cpp" />
    <ClCompile Include="main.cpp" />
    <ClCompile Include="Math.cpp" />
    <ClCompile Include="Model.cpp" />
    <ClCompile Include="PrintUtils.cpp" />
    <ClCompile Include="ResourceManager.cpp" />
    <ClCompile Include="SceneManager.cpp" />
    <ClCompile Include="SceneObject.cpp" />
    <ClCompile Include="Shader.cpp" />
    <ClCompile Include="Shaders.cpp" />
    <ClCompile Include="Terrain.cpp" />
    <ClCompile Include="Texture.cpp" />
    <ClCompile Include="TGA.cpp" />
    <ClCompile Include="Trajectory.cpp" />
    <ClCompile Include="XMLUtils.cpp" />
    <ClCompile Include="DeltaTime.cpp" />
    <ClCompile Include="InputManager.cpp" />
    <ClCompile Include="BoundingBox.cpp" />
    <ClCompile Include="Transform.cpp" />
    <ClCompile Include="TimeLerp.cpp" />
    <ClCompile Include="SceneObjectSpawner.cpp" />
  </ItemGroup>
  <ItemGroup>
    <ClInclude Include="AmbientalLight.h" />
    <ClInclude Include="Camera.h" />
    <ClInclude Include="Fog.h" />
    <ClInclude Include="GameLoopObject.h" />
    <ClInclude Include="GameManager.h" />
    <ClInclude Include="LightSource.h" />
    <ClInclude Include="Math.h" />
    <ClInclude Include="Model.h" />
    <ClInclude Include="pch.h" />
    <ClInclude Include="android_native_app_glue.h" />
    <ClInclude Include="PrintUtils.h" />
    <ClInclude Include="ResourceManager.h" />
    <ClInclude Include="SceneManager.h" />
    <ClInclude Include="SceneObject.h" />
    <ClInclude Include="Shader.h" />
    <ClInclude Include="Shaders.h" />
    <ClInclude Include="Structs.h" />
    <ClInclude Include="Terrain.h" />
    <ClInclude Include="Texture.h" />
    <ClInclude Include="Trajectory.h" />
    <ClInclude Include="UniqueID.h" />
    <ClInclude Include="Vertex.h" />
    <ClInclude Include="XMLUtils.h" />
    <ClInclude Include="DeltaTime.h" />
    <ClInclude Include="InputManager.h" />
    <ClInclude Include="BoundingBox.h" />
    <ClInclude Include="Transform.h" />
    <ClInclude Include="TimeLerp.h" />
    <ClInclude Include="SceneObjectSpawner.h" />
  </ItemGroup>
</Project>