
Microsoft Visual Studio Solution File, Format Version 12.00
# Visual Studio 15
VisualStudioVersion = 15.0.27130.2010
MinimumVisualStudioVersion = 10.0.40219.1
Project("{2150E333-8FDC-42A3-9474-1A3956D46DE8}") = "AndroidGLESTest", "AndroidGLESTest", "{95E5BD59-96F4-47E2-96AD-BBFA804A4615}"
	ProjectSection(SolutionItems) = preProject
		AndroidGLESTest\AndroidGLESTest.NativeActivity\XMLUtils.h = AndroidGLESTest\AndroidGLESTest.NativeActivity\XMLUtils.h
	EndProjectSection
EndProject
Project("{39E2626F-3545-4960-A6E8-258AD8476CE5}") = "AndroidGLESTest.Packaging", "AndroidGLESTest\AndroidGLESTest.Packaging\AndroidGLESTest.Packaging.androidproj", "{27EAF83B-CBE6-481F-ADEC-A5361519E5D3}"
EndProject
Project("{8BC9CEB8-8B4A-11D0-8D11-00A0C91BC942}") = "AndroidGLESTest.NativeActivity", "AndroidGLESTest\AndroidGLESTest.NativeActivity\AndroidGLESTest.NativeActivity.vcxproj", "{B3298EB4-B508-4FE1-8A3E-A9D0B5A6A25A}"
EndProject
Global
	GlobalSection(SolutionConfigurationPlatforms) = preSolution
		Debug|ARM = Debug|ARM
		Debug|ARM64 = Debug|ARM64
		Debug|x64 = Debug|x64
		Debug|x86 = Debug|x86
		Release|ARM = Release|ARM
		Release|ARM64 = Release|ARM64
		Release|x64 = Release|x64
		Release|x86 = Release|x86
	EndGlobalSection
	GlobalSection(ProjectConfigurationPlatforms) = postSolution
		{27EAF83B-CBE6-481F-ADEC-A5361519E5D3}.Debug|ARM.ActiveCfg = Debug|ARM
		{27EAF83B-CBE6-481F-ADEC-A5361519E5D3}.Debug|ARM.Build.0 = Debug|ARM
		{27EAF83B-CBE6-481F-ADEC-A5361519E5D3}.Debug|ARM.Deploy.0 = Debug|ARM
		{27EAF83B-CBE6-481F-ADEC-A5361519E5D3}.Debug|ARM64.ActiveCfg = Debug|ARM64
		{27EAF83B-CBE6-481F-ADEC-A5361519E5D3}.Debug|ARM64.Build.0 = Debug|ARM64
		{27EAF83B-CBE6-481F-ADEC-A5361519E5D3}.Debug|ARM64.Deploy.0 = Debug|ARM64
		{27EAF83B-CBE6-481F-ADEC-A5361519E5D3}.Debug|x64.ActiveCfg = Debug|x64
		{27EAF83B-CBE6-481F-ADEC-A5361519E5D3}.Debug|x64.Build.0 = Debug|x64
		{27EAF83B-CBE6-481F-ADEC-A5361519E5D3}.Debug|x64.Deploy.0 = Debug|x64
		{27EAF83B-CBE6-481F-ADEC-A5361519E5D3}.Debug|x86.ActiveCfg = Debug|x86
		{27EAF83B-CBE6-481F-ADEC-A5361519E5D3}.Debug|x86.Build.0 = Debug|x86
		{27EAF83B-CBE6-481F-ADEC-A5361519E5D3}.Debug|x86.Deploy.0 = Debug|x86
		{27EAF83B-CBE6-481F-ADEC-A5361519E5D3}.Release|ARM.ActiveCfg = Release|ARM
		{27EAF83B-CBE6-481F-ADEC-A5361519E5D3}.Release|ARM.Build.0 = Release|ARM
		{27EAF83B-CBE6-481F-ADEC-A5361519E5D3}.Release|ARM.Deploy.0 = Release|ARM
		{27EAF83B-CBE6-481F-ADEC-A5361519E5D3}.Release|ARM64.ActiveCfg = Release|ARM64
		{27EAF83B-CBE6-481F-ADEC-A5361519E5D3}.Release|ARM64.Build.0 = Release|ARM64
		{27EAF83B-CBE6-481F-ADEC-A5361519E5D3}.Release|ARM64.Deploy.0 = Release|ARM64
		{27EAF83B-CBE6-481F-ADEC-A5361519E5D3}.Release|x64.ActiveCfg = Release|x64
		{27EAF83B-CBE6-481F-ADEC-A5361519E5D3}.Release|x64.Build.0 = Release|x64
		{27EAF83B-CBE6-481F-ADEC-A5361519E5D3}.Release|x64.Deploy.0 = Release|x64
		{27EAF83B-CBE6-481F-ADEC-A5361519E5D3}.Release|x86.ActiveCfg = Release|x86
		{27EAF83B-CBE6-481F-ADEC-A5361519E5D3}.Release|x86.Build.0 = Release|x86
		{27EAF83B-CBE6-481F-ADEC-A5361519E5D3}.Release|x86.Deploy.0 = Release|x86
		{B3298EB4-B508-4FE1-8A3E-A9D0B5A6A25A}.Debug|ARM.ActiveCfg = Debug|ARM
		{B3298EB4-B508-4FE1-8A3E-A9D0B5A6A25A}.Debug|ARM.Build.0 = Debug|ARM
		{B3298EB4-B508-4FE1-8A3E-A9D0B5A6A25A}.Debug|ARM64.ActiveCfg = Debug|ARM64
		{B3298EB4-B508-4FE1-8A3E-A9D0B5A6A25A}.Debug|ARM64.Build.0 = Debug|ARM64
		{B3298EB4-B508-4FE1-8A3E-A9D0B5A6A25A}.Debug|x64.ActiveCfg = Debug|x64
		{B3298EB4-B508-4FE1-8A3E-A9D0B5A6A25A}.Debug|x64.Build.0 = Debug|x64
		{B3298EB4-B508-4FE1-8A3E-A9D0B5A6A25A}.Debug|x86.ActiveCfg = Debug|x86
		{B3298EB4-B508-4FE1-8A3E-A9D0B5A6A25A}.Debug|x86.Build.0 = Debug|x86
		{B3298EB4-B508-4FE1-8A3E-A9D0B5A6A25A}.Release|ARM.ActiveCfg = Release|ARM
		{B3298EB4-B508-4FE1-8A3E-A9D0B5A6A25A}.Release|ARM.Build.0 = Release|ARM
		{B3298EB4-B508-4FE1-8A3E-A9D0B5A6A25A}.Release|ARM64.ActiveCfg = Release|ARM64
		{B3298EB4-B508-4FE1-8A3E-A9D0B5A6A25A}.Release|ARM64.Build.0 = Release|ARM64
		{B3298EB4-B508-4FE1-8A3E-A9D0B5A6A25A}.Release|x64.ActiveCfg = Release|x64
		{B3298EB4-B508-4FE1-8A3E-A9D0B5A6A25A}.Release|x64.Build.0 = Release|x64
		{B3298EB4-B508-4FE1-8A3E-A9D0B5A6A25A}.Release|x86.ActiveCfg = Release|x86
		{B3298EB4-B508-4FE1-8A3E-A9D0B5A6A25A}.Release|x86.Build.0 = Release|x86
	EndGlobalSection
	GlobalSection(SolutionProperties) = preSolution
		HideSolutionNode = FALSE
	EndGlobalSection
	GlobalSection(NestedProjects) = preSolution
		{27EAF83B-CBE6-481F-ADEC-A5361519E5D3} = {95E5BD59-96F4-47E2-96AD-BBFA804A4615}
		{B3298EB4-B508-4FE1-8A3E-A9D0B5A6A25A} = {95E5BD59-96F4-47E2-96AD-BBFA804A4615}
	EndGlobalSection
	GlobalSection(ExtensibilityGlobals) = postSolution
		SolutionGuid = {5392DCD1-9694-4D1A-8D9E-1DD430E96607}
	EndGlobalSection
EndGlobal
